// !$*UTF8*$!
{
	archiveVersion = 1;
	classes = {
	};
	objectVersion = 48;
	objects = {

/* Begin PBXBuildFile section */
		740380D02068F06700EE7C37 /* AppDelegate.m in Sources */ = {isa = PBXBuildFile; fileRef = 740380CF2068F06700EE7C37 /* AppDelegate.m */; };
		740380D32068F06700EE7C37 /* ViewController.m in Sources */ = {isa = PBXBuildFile; fileRef = 740380D22068F06700EE7C37 /* ViewController.m */; };
		740380D62068F06700EE7C37 /* Main.storyboard in Resources */ = {isa = PBXBuildFile; fileRef = 740380D42068F06700EE7C37 /* Main.storyboard */; };
		740380D82068F06700EE7C37 /* Assets.xcassets in Resources */ = {isa = PBXBuildFile; fileRef = 740380D72068F06700EE7C37 /* Assets.xcassets */; };
		740380DB2068F06700EE7C37 /* LaunchScreen.storyboard in Resources */ = {isa = PBXBuildFile; fileRef = 740380D92068F06700EE7C37 /* LaunchScreen.storyboard */; };
		740380DE2068F06700EE7C37 /* main.m in Sources */ = {isa = PBXBuildFile; fileRef = 740380DD2068F06700EE7C37 /* main.m */; };
		740380E82068F06700EE7C37 /* TexturesTests.m in Sources */ = {isa = PBXBuildFile; fileRef = 740380E72068F06700EE7C37 /* TexturesTests.m */; };
		740380F32068F06700EE7C37 /* TexturesUITests.m in Sources */ = {isa = PBXBuildFile; fileRef = 740380F22068F06700EE7C37 /* TexturesUITests.m */; };
		740381022068F07100EE7C37 /* Shader.m in Sources */ = {isa = PBXBuildFile; fileRef = 740381012068F07100EE7C37 /* Shader.m */; };
		740381052068F07400EE7C37 /* f_shader.fs in Resources */ = {isa = PBXBuildFile; fileRef = 740381032068F07300EE7C37 /* f_shader.fs */; };
		740381062068F07400EE7C37 /* v_shader.vs in Resources */ = {isa = PBXBuildFile; fileRef = 740381042068F07400EE7C37 /* v_shader.vs */; };
		740381082068F52D00EE7C37 /* test.png in Resources */ = {isa = PBXBuildFile; fileRef = 740381072068F52D00EE7C37 /* test.png */; };
		7403810D2069E6E900EE7C37 /* container.jpg in Resources */ = {isa = PBXBuildFile; fileRef = 7403810C2069E6E900EE7C37 /* container.jpg */; };
		7403810F2069E81500EE7C37 /* aaaa.png in Resources */ = {isa = PBXBuildFile; fileRef = 7403810E2069E81500EE7C37 /* aaaa.png */; };
		740381112069F3AD00EE7C37 /* awesomeface.png in Resources */ = {isa = PBXBuildFile; fileRef = 740381102069F3AD00EE7C37 /* awesomeface.png */; };
		74B78C8C206A16AE0020382A /* OpenGLES.framework in Frameworks */ = {isa = PBXBuildFile; fileRef = 74B78C8B206A16AE0020382A /* OpenGLES.framework */; };
		74B78C8E206A16B20020382A /* GLKit.framework in Frameworks */ = {isa = PBXBuildFile; fileRef = 74B78C8D206A16B20020382A /* GLKit.framework */; };
/* End PBXBuildFile section */

/* Begin PBXContainerItemProxy section */
		740380E42068F06700EE7C37 /* PBXContainerItemProxy */ = {
			isa = PBXContainerItemProxy;
			containerPortal = 740380C32068F06700EE7C37 /* Project object */;
			proxyType = 1;
			remoteGlobalIDString = 740380CA2068F06700EE7C37;
			remoteInfo = Textures;
		};
		740380EF2068F06700EE7C37 /* PBXContainerItemProxy */ = {
			isa = PBXContainerItemProxy;
			containerPortal = 740380C32068F06700EE7C37 /* Project object */;
			proxyType = 1;
			remoteGlobalIDString = 740380CA2068F06700EE7C37;
			remoteInfo = Textures;
		};
/* End PBXContainerItemProxy section */

/* Begin PBXFileReference section */
		740380CB2068F06700EE7C37 /* Textures.app */ = {isa = PBXFileReference; explicitFileType = wrapper.application; includeInIndex = 0; path = Textures.app; sourceTree = BUILT_PRODUCTS_DIR; };
		740380CE2068F06700EE7C37 /* AppDelegate.h */ = {isa = PBXFileReference; lastKnownFileType = sourcecode.c.h; path = AppDelegate.h; sourceTree = "<group>"; };
		740380CF2068F06700EE7C37 /* AppDelegate.m */ = {isa = PBXFileReference; lastKnownFileType = sourcecode.c.objc; path = AppDelegate.m; sourceTree = "<group>"; };
		740380D12068F06700EE7C37 /* ViewController.h */ = {isa = PBXFileReference; lastKnownFileType = sourcecode.c.h; path = ViewController.h; sourceTree = "<group>"; };
		740380D22068F06700EE7C37 /* ViewController.m */ = {isa = PBXFileReference; lastKnownFileType = sourcecode.c.objc; path = ViewController.m; sourceTree = "<group>"; };
		740380D52068F06700EE7C37 /* Base */ = {isa = PBXFileReference; lastKnownFileType = file.storyboard; name = Base; path = Base.lproj/Main.storyboard; sourceTree = "<group>"; };
		740380D72068F06700EE7C37 /* Assets.xcassets */ = {isa = PBXFileReference; lastKnownFileType = folder.assetcatalog; path = Assets.xcassets; sourceTree = "<group>"; };
		740380DA2068F06700EE7C37 /* Base */ = {isa = PBXFileReference; lastKnownFileType = file.storyboard; name = Base; path = Base.lproj/LaunchScreen.storyboard; sourceTree = "<group>"; };
		740380DC2068F06700EE7C37 /* Info.plist */ = {isa = PBXFileReference; lastKnownFileType = text.plist.xml; path = Info.plist; sourceTree = "<group>"; };
		740380DD2068F06700EE7C37 /* main.m */ = {isa = PBXFileReference; lastKnownFileType = sourcecode.c.objc; path = main.m; sourceTree = "<group>"; };
		740380E32068F06700EE7C37 /* TexturesTests.xctest */ = {isa = PBXFileReference; explicitFileType = wrapper.cfbundle; includeInIndex = 0; path = TexturesTests.xctest; sourceTree = BUILT_PRODUCTS_DIR; };
		740380E72068F06700EE7C37 /* TexturesTests.m */ = {isa = PBXFileReference; lastKnownFileType = sourcecode.c.objc; path = TexturesTests.m; sourceTree = "<group>"; };
		740380E92068F06700EE7C37 /* Info.plist */ = {isa = PBXFileReference; lastKnownFileType = text.plist.xml; path = Info.plist; sourceTree = "<group>"; };
		740380EE2068F06700EE7C37 /* TexturesUITests.xctest */ = {isa = PBXFileReference; explicitFileType = wrapper.cfbundle; includeInIndex = 0; path = TexturesUITests.xctest; sourceTree = BUILT_PRODUCTS_DIR; };
		740380F22068F06700EE7C37 /* TexturesUITests.m */ = {isa = PBXFileReference; lastKnownFileType = sourcecode.c.objc; path = TexturesUITests.m; sourceTree = "<group>"; };
		740380F42068F06700EE7C37 /* Info.plist */ = {isa = PBXFileReference; lastKnownFileType = text.plist.xml; path = Info.plist; sourceTree = "<group>"; };
		740381002068F07000EE7C37 /* Shader.h */ = {isa = PBXFileReference; fileEncoding = 4; lastKnownFileType = sourcecode.c.h; name = Shader.h; path = ../../HelloTriangle/HelloTriangle/Shader.h; sourceTree = "<group>"; };
		740381012068F07100EE7C37 /* Shader.m */ = {isa = PBXFileReference; fileEncoding = 4; lastKnownFileType = sourcecode.c.objc; name = Shader.m; path = ../../HelloTriangle/HelloTriangle/Shader.m; sourceTree = "<group>"; };
		740381032068F07300EE7C37 /* f_shader.fs */ = {isa = PBXFileReference; lastKnownFileType = sourcecode.glsl; path = f_shader.fs; sourceTree = "<group>"; };
		740381042068F07400EE7C37 /* v_shader.vs */ = {isa = PBXFileReference; lastKnownFileType = sourcecode.glsl; path = v_shader.vs; sourceTree = "<group>"; };
		740381072068F52D00EE7C37 /* test.png */ = {isa = PBXFileReference; lastKnownFileType = image.png; path = test.png; sourceTree = "<group>"; };
		7403810B2068F99700EE7C37 /* stb_image.h */ = {isa = PBXFileReference; fileEncoding = 4; lastKnownFileType = sourcecode.c.h; path = stb_image.h; sourceTree = "<group>"; };
		7403810C2069E6E900EE7C37 /* container.jpg */ = {isa = PBXFileReference; lastKnownFileType = image.jpeg; path = container.jpg; sourceTree = "<group>"; };
		7403810E2069E81500EE7C37 /* aaaa.png */ = {isa = PBXFileReference; lastKnownFileType = image.png; path = aaaa.png; sourceTree = "<group>"; };
		740381102069F3AD00EE7C37 /* awesomeface.png */ = {isa = PBXFileReference; lastKnownFileType = image.png; path = awesomeface.png; sourceTree = "<group>"; };
		74B78C8B206A16AE0020382A /* OpenGLES.framework */ = {isa = PBXFileReference; lastKnownFileType = wrapper.framework; name = OpenGLES.framework; path = System/Library/Frameworks/OpenGLES.framework; sourceTree = SDKROOT; };
		74B78C8D206A16B20020382A /* GLKit.framework */ = {isa = PBXFileReference; lastKnownFileType = wrapper.framework; name = GLKit.framework; path = System/Library/Frameworks/GLKit.framework; sourceTree = SDKROOT; };
/* End PBXFileReference section */

/* Begin PBXFrameworksBuildPhase section */
		740380C82068F06700EE7C37 /* Frameworks */ = {
			isa = PBXFrameworksBuildPhase;
			buildActionMask = 2147483647;
			files = (
				74B78C8E206A16B20020382A /* GLKit.framework in Frameworks */,
				74B78C8C206A16AE0020382A /* OpenGLES.framework in Frameworks */,
			);
			runOnlyForDeploymentPostprocessing = 0;
		};
		740380E02068F06700EE7C37 /* Frameworks */ = {
			isa = PBXFrameworksBuildPhase;
			buildActionMask = 2147483647;
			files = (
			);
			runOnlyForDeploymentPostprocessing = 0;
		};
		740380EB2068F06700EE7C37 /* Frameworks */ = {
			isa = PBXFrameworksBuildPhase;
			buildActionMask = 2147483647;
			files = (
			);
			runOnlyForDeploymentPostprocessing = 0;
		};
/* End PBXFrameworksBuildPhase section */

/* Begin PBXGroup section */
		740380C22068F06700EE7C37 = {
			isa = PBXGroup;
			children = (
				740380CD2068F06700EE7C37 /* Textures */,
				740380E62068F06700EE7C37 /* TexturesTests */,
				740380F12068F06700EE7C37 /* TexturesUITests */,
				740380CC2068F06700EE7C37 /* Products */,
				74B78C8A206A16AE0020382A /* Frameworks */,
			);
			sourceTree = "<group>";
		};
		740380CC2068F06700EE7C37 /* Products */ = {
			isa = PBXGroup;
			children = (
				740380CB2068F06700EE7C37 /* Textures.app */,
				740380E32068F06700EE7C37 /* TexturesTests.xctest */,
				740380EE2068F06700EE7C37 /* TexturesUITests.xctest */,
			);
			name = Products;
			sourceTree = "<group>";
		};
		740380CD2068F06700EE7C37 /* Textures */ = {
			isa = PBXGroup;
			children = (
				740380CE2068F06700EE7C37 /* AppDelegate.h */,
				740380CF2068F06700EE7C37 /* AppDelegate.m */,
				740380D12068F06700EE7C37 /* ViewController.h */,
				740380D22068F06700EE7C37 /* ViewController.m */,
				7403810C2069E6E900EE7C37 /* container.jpg */,
				7403810E2069E81500EE7C37 /* aaaa.png */,
				740381102069F3AD00EE7C37 /* awesomeface.png */,
				740381002068F07000EE7C37 /* Shader.h */,
				740381012068F07100EE7C37 /* Shader.m */,
				7403810B2068F99700EE7C37 /* stb_image.h */,
				740381042068F07400EE7C37 /* v_shader.vs */,
				740381032068F07300EE7C37 /* f_shader.fs */,
				740380D42068F06700EE7C37 /* Main.storyboard */,
				740380D72068F06700EE7C37 /* Assets.xcassets */,
				740380D92068F06700EE7C37 /* LaunchScreen.storyboard */,
				740380DC2068F06700EE7C37 /* Info.plist */,
				740381072068F52D00EE7C37 /* test.png */,
				740380DD2068F06700EE7C37 /* main.m */,
			);
			path = Textures;
			sourceTree = "<group>";
		};
		740380E62068F06700EE7C37 /* TexturesTests */ = {
			isa = PBXGroup;
			children = (
				740380E72068F06700EE7C37 /* TexturesTests.m */,
				740380E92068F06700EE7C37 /* Info.plist */,
			);
			path = TexturesTests;
			sourceTree = "<group>";
		};
		740380F12068F06700EE7C37 /* TexturesUITests */ = {
			isa = PBXGroup;
			children = (
				740380F22068F06700EE7C37 /* TexturesUITests.m */,
				740380F42068F06700EE7C37 /* Info.plist */,
			);
			path = TexturesUITests;
			sourceTree = "<group>";
		};
		74B78C8A206A16AE0020382A /* Frameworks */ = {
			isa = PBXGroup;
			children = (
				74B78C8D206A16B20020382A /* GLKit.framework */,
				74B78C8B206A16AE0020382A /* OpenGLES.framework */,
			);
			name = Frameworks;
			sourceTree = "<group>";
		};
/* End PBXGroup section */

/* Begin PBXNativeTarget section */
		740380CA2068F06700EE7C37 /* Textures */ = {
			isa = PBXNativeTarget;
			buildConfigurationList = 740380F72068F06700EE7C37 /* Build configuration list for PBXNativeTarget "Textures" */;
			buildPhases = (
				740380C72068F06700EE7C37 /* Sources */,
				740380C82068F06700EE7C37 /* Frameworks */,
				740380C92068F06700EE7C37 /* Resources */,
			);
			buildRules = (
			);
			dependencies = (
			);
			name = Textures;
			productName = Textures;
			productReference = 740380CB2068F06700EE7C37 /* Textures.app */;
			productType = "com.apple.product-type.application";
		};
		740380E22068F06700EE7C37 /* TexturesTests */ = {
			isa = PBXNativeTarget;
			buildConfigurationList = 740380FA2068F06700EE7C37 /* Build configuration list for PBXNativeTarget "TexturesTests" */;
			buildPhases = (
				740380DF2068F06700EE7C37 /* Sources */,
				740380E02068F06700EE7C37 /* Frameworks */,
				740380E12068F06700EE7C37 /* Resources */,
			);
			buildRules = (
			);
			dependencies = (
				740380E52068F06700EE7C37 /* PBXTargetDependency */,
			);
			name = TexturesTests;
			productName = TexturesTests;
			productReference = 740380E32068F06700EE7C37 /* TexturesTests.xctest */;
			productType = "com.apple.product-type.bundle.unit-test";
		};
		740380ED2068F06700EE7C37 /* TexturesUITests */ = {
			isa = PBXNativeTarget;
			buildConfigurationList = 740380FD2068F06700EE7C37 /* Build configuration list for PBXNativeTarget "TexturesUITests" */;
			buildPhases = (
				740380EA2068F06700EE7C37 /* Sources */,
				740380EB2068F06700EE7C37 /* Frameworks */,
				740380EC2068F06700EE7C37 /* Resources */,
			);
			buildRules = (
			);
			dependencies = (
				740380F02068F06700EE7C37 /* PBXTargetDependency */,
			);
			name = TexturesUITests;
			productName = TexturesUITests;
			productReference = 740380EE2068F06700EE7C37 /* TexturesUITests.xctest */;
			productType = "com.apple.product-type.bundle.ui-testing";
		};
/* End PBXNativeTarget section */

/* Begin PBXProject section */
		740380C32068F06700EE7C37 /* Project object */ = {
			isa = PBXProject;
			attributes = {
				LastUpgradeCheck = 0920;
				ORGANIZATIONNAME = WeiHu;
				TargetAttributes = {
					740380CA2068F06700EE7C37 = {
						CreatedOnToolsVersion = 9.2;
						ProvisioningStyle = Automatic;
					};
					740380E22068F06700EE7C37 = {
						CreatedOnToolsVersion = 9.2;
						ProvisioningStyle = Automatic;
						TestTargetID = 740380CA2068F06700EE7C37;
					};
					740380ED2068F06700EE7C37 = {
						CreatedOnToolsVersion = 9.2;
						ProvisioningStyle = Automatic;
						TestTargetID = 740380CA2068F06700EE7C37;
					};
				};
			};
			buildConfigurationList = 740380C62068F06700EE7C37 /* Build configuration list for PBXProject "Textures" */;
			compatibilityVersion = "Xcode 8.0";
			developmentRegion = en;
			hasScannedForEncodings = 0;
			knownRegions = (
				en,
				Base,
			);
			mainGroup = 740380C22068F06700EE7C37;
			productRefGroup = 740380CC2068F06700EE7C37 /* Products */;
			projectDirPath = "";
			projectRoot = "";
			targets = (
				740380CA2068F06700EE7C37 /* Textures */,
				740380E22068F06700EE7C37 /* TexturesTests */,
				740380ED2068F06700EE7C37 /* TexturesUITests */,
			);
		};
/* End PBXProject section */

/* Begin PBXResourcesBuildPhase section */
		740380C92068F06700EE7C37 /* Resources */ = {
			isa = PBXResourcesBuildPhase;
			buildActionMask = 2147483647;
			files = (
				740380DB2068F06700EE7C37 /* LaunchScreen.storyboard in Resources */,
				7403810F2069E81500EE7C37 /* aaaa.png in Resources */,
				740380D82068F06700EE7C37 /* Assets.xcassets in Resources */,
				740381052068F07400EE7C37 /* f_shader.fs in Resources */,
				740380D62068F06700EE7C37 /* Main.storyboard in Resources */,
				740381062068F07400EE7C37 /* v_shader.vs in Resources */,
				740381082068F52D00EE7C37 /* test.png in Resources */,
				740381112069F3AD00EE7C37 /* awesomeface.png in Resources */,
				7403810D2069E6E900EE7C37 /* container.jpg in Resources */,
			);
			runOnlyForDeploymentPostprocessing = 0;
		};
		740380E12068F06700EE7C37 /* Resources */ = {
			isa = PBXResourcesBuildPhase;
			buildActionMask = 2147483647;
			files = (
			);
			runOnlyForDeploymentPostprocessing = 0;
		};
		740380EC2068F06700EE7C37 /* Resources */ = {
			isa = PBXResourcesBuildPhase;
			buildActionMask = 2147483647;
			files = (
			);
			runOnlyForDeploymentPostprocessing = 0;
		};
/* End PBXResourcesBuildPhase section */

/* Begin PBXSourcesBuildPhase section */
		740380C72068F06700EE7C37 /* Sources */ = {
			isa = PBXSourcesBuildPhase;
			buildActionMask = 2147483647;
			files = (
				740380D32068F06700EE7C37 /* ViewController.m in Sources */,
				740380DE2068F06700EE7C37 /* main.m in Sources */,
				740381022068F07100EE7C37 /* Shader.m in Sources */,
				740380D02068F06700EE7C37 /* AppDelegate.m in Sources */,
			);
			runOnlyForDeploymentPostprocessing = 0;
		};
		740380DF2068F06700EE7C37 /* Sources */ = {
			isa = PBXSourcesBuildPhase;
			buildActionMask = 2147483647;
			files = (
				740380E82068F06700EE7C37 /* TexturesTests.m in Sources */,
			);
			runOnlyForDeploymentPostprocessing = 0;
		};
		740380EA2068F06700EE7C37 /* Sources */ = {
			isa = PBXSourcesBuildPhase;
			buildActionMask = 2147483647;
			files = (
				740380F32068F06700EE7C37 /* TexturesUITests.m in Sources */,
			);
			runOnlyForDeploymentPostprocessing = 0;
		};
/* End PBXSourcesBuildPhase section */

/* Begin PBXTargetDependency section */
		740380E52068F06700EE7C37 /* PBXTargetDependency */ = {
			isa = PBXTargetDependency;
			target = 740380CA2068F06700EE7C37 /* Textures */;
			targetProxy = 740380E42068F06700EE7C37 /* PBXContainerItemProxy */;
		};
		740380F02068F06700EE7C37 /* PBXTargetDependency */ = {
			isa = PBXTargetDependency;
			target = 740380CA2068F06700EE7C37 /* Textures */;
			targetProxy = 740380EF2068F06700EE7C37 /* PBXContainerItemProxy */;
		};
/* End PBXTargetDependency section */

/* Begin PBXVariantGroup section */
		740380D42068F06700EE7C37 /* Main.storyboard */ = {
			isa = PBXVariantGroup;
			children = (
				740380D52068F06700EE7C37 /* Base */,
			);
			name = Main.storyboard;
			sourceTree = "<group>";
		};
		740380D92068F06700EE7C37 /* LaunchScreen.storyboard */ = {
			isa = PBXVariantGroup;
			children = (
				740380DA2068F06700EE7C37 /* Base */,
			);
			name = LaunchScreen.storyboard;
			sourceTree = "<group>";
		};
/* End PBXVariantGroup section */

/* Begin XCBuildConfiguration section */
		740380F52068F06700EE7C37 /* Debug */ = {
			isa = XCBuildConfiguration;
			buildSettings = {
				ALWAYS_SEARCH_USER_PATHS = NO;
				CLANG_ANALYZER_NONNULL = YES;
				CLANG_ANALYZER_NUMBER_OBJECT_CONVERSION = YES_AGGRESSIVE;
				CLANG_CXX_LANGUAGE_STANDARD = "gnu++14";
				CLANG_CXX_LIBRARY = "libc++";
				CLANG_ENABLE_MODULES = YES;
				CLANG_ENABLE_OBJC_ARC = YES;
				CLANG_WARN_BLOCK_CAPTURE_AUTORELEASING = YES;
				CLANG_WARN_BOOL_CONVERSION = YES;
				CLANG_WARN_COMMA = YES;
				CLANG_WARN_CONSTANT_CONVERSION = YES;
				CLANG_WARN_DIRECT_OBJC_ISA_USAGE = YES_ERROR;
				CLANG_WARN_DOCUMENTATION_COMMENTS = YES;
				CLANG_WARN_EMPTY_BODY = YES;
				CLANG_WARN_ENUM_CONVERSION = YES;
				CLANG_WARN_INFINITE_RECURSION = YES;
				CLANG_WARN_INT_CONVERSION = YES;
				CLANG_WARN_NON_LITERAL_NULL_CONVERSION = YES;
				CLANG_WARN_OBJC_LITERAL_CONVERSION = YES;
				CLANG_WARN_OBJC_ROOT_CLASS = YES_ERROR;
				CLANG_WARN_RANGE_LOOP_ANALYSIS = YES;
				CLANG_WARN_STRICT_PROTOTYPES = YES;
				CLANG_WARN_SUSPICIOUS_MOVE = YES;
				CLANG_WARN_UNGUARDED_AVAILABILITY = YES_AGGRESSIVE;
				CLANG_WARN_UNREACHABLE_CODE = YES;
				CLANG_WARN__DUPLICATE_METHOD_MATCH = YES;
				CODE_SIGN_IDENTITY = "iPhone Developer";
				COPY_PHASE_STRIP = NO;
				DEBUG_INFORMATION_FORMAT = dwarf;
				ENABLE_STRICT_OBJC_MSGSEND = YES;
				ENABLE_TESTABILITY = YES;
				GCC_C_LANGUAGE_STANDARD = gnu11;
				GCC_DYNAMIC_NO_PIC = NO;
				GCC_NO_COMMON_BLOCKS = YES;
				GCC_OPTIMIZATION_LEVEL = 0;
				GCC_PREPROCESSOR_DEFINITIONS = (
					"DEBUG=1",
					"$(inherited)",
				);
				GCC_WARN_64_TO_32_BIT_CONVERSION = YES;
				GCC_WARN_ABOUT_RETURN_TYPE = YES_ERROR;
				GCC_WARN_UNDECLARED_SELECTOR = YES;
				GCC_WARN_UNINITIALIZED_AUTOS = YES_AGGRESSIVE;
				GCC_WARN_UNUSED_FUNCTION = YES;
				GCC_WARN_UNUSED_VARIABLE = YES;
				IPHONEOS_DEPLOYMENT_TARGET = 11.2;
				MTL_ENABLE_DEBUG_INFO = YES;
				ONLY_ACTIVE_ARCH = YES;
				SDKROOT = iphoneos;
			};
			name = Debug;
		};
		740380F62068F06700EE7C37 /* Release */ = {
			isa = XCBuildConfiguration;
			buildSettings = {
				ALWAYS_SEARCH_USER_PATHS = NO;
				CLANG_ANALYZER_NONNULL = YES;
				CLANG_ANALYZER_NUMBER_OBJECT_CONVERSION = YES_AGGRESSIVE;
				CLANG_CXX_LANGUAGE_STANDARD = "gnu++14";
				CLANG_CXX_LIBRARY = "libc++";
				CLANG_ENABLE_MODULES = YES;
				CLANG_ENABLE_OBJC_ARC = YES;
				CLANG_WARN_BLOCK_CAPTURE_AUTORELEASING = YES;
				CLANG_WARN_BOOL_CONVERSION = YES;
				CLANG_WARN_COMMA = YES;
				CLANG_WARN_CONSTANT_CONVERSION = YES;
				CLANG_WARN_DIRECT_OBJC_ISA_USAGE = YES_ERROR;
				CLANG_WARN_DOCUMENTATION_COMMENTS = YES;
				CLANG_WARN_EMPTY_BODY = YES;
				CLANG_WARN_ENUM_CONVERSION = YES;
				CLANG_WARN_INFINITE_RECURSION = YES;
				CLANG_WARN_INT_CONVERSION = YES;
				CLANG_WARN_NON_LITERAL_NULL_CONVERSION = YES;
				CLANG_WARN_OBJC_LITERAL_CONVERSION = YES;
				CLANG_WARN_OBJC_ROOT_CLASS = YES_ERROR;
				CLANG_WARN_RANGE_LOOP_ANALYSIS = YES;
				CLANG_WARN_STRICT_PROTOTYPES = YES;
				CLANG_WARN_SUSPICIOUS_MOVE = YES;
				CLANG_WARN_UNGUARDED_AVAILABILITY = YES_AGGRESSIVE;
				CLANG_WARN_UNREACHABLE_CODE = YES;
				CLANG_WARN__DUPLICATE_METHOD_MATCH = YES;
				CODE_SIGN_IDENTITY = "iPhone Developer";
				COPY_PHASE_STRIP = NO;
				DEBUG_INFORMATION_FORMAT = "dwarf-with-dsym";
				ENABLE_NS_ASSERTIONS = NO;
				ENABLE_STRICT_OBJC_MSGSEND = YES;
				GCC_C_LANGUAGE_STANDARD = gnu11;
				GCC_NO_COMMON_BLOCKS = YES;
				GCC_WARN_64_TO_32_BIT_CONVERSION = YES;
				GCC_WARN_ABOUT_RETURN_TYPE = YES_ERROR;
				GCC_WARN_UNDECLARED_SELECTOR = YES;
				GCC_WARN_UNINITIALIZED_AUTOS = YES_AGGRESSIVE;
				GCC_WARN_UNUSED_FUNCTION = YES;
				GCC_WARN_UNUSED_VARIABLE = YES;
				IPHONEOS_DEPLOYMENT_TARGET = 11.2;
				MTL_ENABLE_DEBUG_INFO = NO;
				SDKROOT = iphoneos;
				VALIDATE_PRODUCT = YES;
			};
			name = Release;
		};
		740380F82068F06700EE7C37 /* Debug */ = {
			isa = XCBuildConfiguration;
			buildSettings = {
				ASSETCATALOG_COMPILER_APPICON_NAME = AppIcon;
				CODE_SIGN_STYLE = Automatic;
				DEVELOPMENT_TEAM = 6RE56K8B4Z;
				INFOPLIST_FILE = Textures/Info.plist;
				LD_RUNPATH_SEARCH_PATHS = "$(inherited) @executable_path/Frameworks";
				PRODUCT_BUNDLE_IDENTIFIER = jd.com.Textures;
				PRODUCT_NAME = "$(TARGET_NAME)";
				TARGETED_DEVICE_FAMILY = "1,2";
			};
			name = Debug;
		};
		740380F92068F06700EE7C37 /* Release */ = {
			isa = XCBuildConfiguration;
			buildSettings = {
				ASSETCATALOG_COMPILER_APPICON_NAME = AppIcon;
				CODE_SIGN_STYLE = Automatic;
				DEVELOPMENT_TEAM = 6RE56K8B4Z;
				INFOPLIST_FILE = Textures/Info.plist;
				LD_RUNPATH_SEARCH_PATHS = "$(inherited) @executable_path/Frameworks";
				PRODUCT_BUNDLE_IDENTIFIER = jd.com.Textures;
				PRODUCT_NAME = "$(TARGET_NAME)";
				TARGETED_DEVICE_FAMILY = "1,2";
			};
			name = Release;
		};
		740380FB2068F06700EE7C37 /* Debug */ = {
			isa = XCBuildConfiguration;
			buildSettings = {
				BUNDLE_LOADER = "$(TEST_HOST)";
				CODE_SIGN_STYLE = Automatic;
				DEVELOPMENT_TEAM = 6RE56K8B4Z;
				INFOPLIST_FILE = TexturesTests/Info.plist;
				LD_RUNPATH_SEARCH_PATHS = "$(inherited) @executable_path/Frameworks @loader_path/Frameworks";
				PRODUCT_BUNDLE_IDENTIFIER = jd.com.TexturesTests;
				PRODUCT_NAME = "$(TARGET_NAME)";
				TARGETED_DEVICE_FAMILY = "1,2";
				TEST_HOST = "$(BUILT_PRODUCTS_DIR)/Textures.app/Textures";
			};
			name = Debug;
		};
		740380FC2068F06700EE7C37 /* Release */ = {
			isa = XCBuildConfiguration;
			buildSettings = {
				BUNDLE_LOADER = "$(TEST_HOST)";
				CODE_SIGN_STYLE = Automatic;
				DEVELOPMENT_TEAM = 6RE56K8B4Z;
				INFOPLIST_FILE = TexturesTests/Info.plist;
				LD_RUNPATH_SEARCH_PATHS = "$(inherited) @executable_path/Frameworks @loader_path/Frameworks";
				PRODUCT_BUNDLE_IDENTIFIER = jd.com.TexturesTests;
				PRODUCT_NAME = "$(TARGET_NAME)";
				TARGETED_DEVICE_FAMILY = "1,2";
				TEST_HOST = "$(BUILT_PRODUCTS_DIR)/Textures.app/Textures";
			};
			name = Release;
		};
		740380FE2068F06700EE7C37 /* Debug */ = {
			isa = XCBuildConfiguration;
			buildSettings = {
				CODE_SIGN_STYLE = Automatic;
				DEVELOPMENT_TEAM = 6RE56K8B4Z;
				INFOPLIST_FILE = TexturesUITests/Info.plist;
				LD_RUNPATH_SEARCH_PATHS = "$(inherited) @executable_path/Frameworks @loader_path/Frameworks";
				PRODUCT_BUNDLE_IDENTIFIER = jd.com.TexturesUITests;
				PRODUCT_NAME = "$(TARGET_NAME)";
				TARGETED_DEVICE_FAMILY = "1,2";
				TEST_TARGET_NAME = Textures;
			};
			name = Debug;
		};
		740380FF2068F06700EE7C37 /* Release */ = {
			isa = XCBuildConfiguration;
			buildSettings = {
				CODE_SIGN_STYLE = Automatic;
				DEVELOPMENT_TEAM = 6RE56K8B4Z;
				INFOPLIST_FILE = TexturesUITests/Info.plist;
				LD_RUNPATH_SEARCH_PATHS = "$(inherited) @executable_path/Frameworks @loader_path/Frameworks";
				PRODUCT_BUNDLE_IDENTIFIER = jd.com.TexturesUITests;
				PRODUCT_NAME = "$(TARGET_NAME)";
				TARGETED_DEVICE_FAMILY = "1,2";
				TEST_TARGET_NAME = Textures;
			};
			name = Release;
		};
/* End XCBuildConfiguration section */

/* Begin XCConfigurationList section */
		740380C62068F06700EE7C37 /* Build configuration list for PBXProject "Textures" */ = {
			isa = XCConfigurationList;
			buildConfigurations = (
				740380F52068F06700EE7C37 /* Debug */,
				740380F62068F06700EE7C37 /* Release */,
			);
			defaultConfigurationIsVisible = 0;
			defaultConfigurationName = Release;
		};
		740380F72068F06700EE7C37 /* Build configuration list for PBXNativeTarget "Textures" */ = {
			isa = XCConfigurationList;
			buildConfigurations = (
				740380F82068F06700EE7C37 /* Debug */,
				740380F92068F06700EE7C37 /* Release */,
			);
			defaultConfigurationIsVisible = 0;
			defaultConfigurationName = Release;
		};
		740380FA2068F06700EE7C37 /* Build configuration list for PBXNativeTarget "TexturesTests" */ = {
			isa = XCConfigurationList;
			buildConfigurations = (
				740380FB2068F06700EE7C37 /* Debug */,
				740380FC2068F06700EE7C37 /* Release */,
			);
			defaultConfigurationIsVisible = 0;
			defaultConfigurationName = Release;
		};
		740380FD2068F06700EE7C37 /* Build configuration list for PBXNativeTarget "TexturesUITests" */ = {
			isa = XCConfigurationList;
			buildConfigurations = (
				740380FE2068F06700EE7C37 /* Debug */,
				740380FF2068F06700EE7C37 /* Release */,
			);
			defaultConfigurationIsVisible = 0;
			defaultConfigurationName = Release;
		};
/* End XCConfigurationList section */
	};
	rootObject = 740380C32068F06700EE7C37 /* Project object */;
}
